{
  "name": "officejs-test",
  "lockfileVersion": 2,
  "requires": true,
  "packages": {
    "": {
      "devDependencies": {
        "@microsoft/office-js": "^1.1.76"
      }
    },
    "node_modules/@microsoft/office-js": {
      "version": "1.1.76",
      "resolved": "https://registry.npmjs.org/@microsoft/office-js/-/office-js-1.1.76.tgz",
      "integrity": "sha512-mRRbb3j0YLm53zARxvZ0ze49toJ5TCAIPWdxCgfsznVkT86Jp2YDMTEMD9RKKEHICAiGeaNs7xqwE3o7qLP7KQ==",
      "dev": true,
      "engines": {
        "node": ">=6.9.4"
      }
    }
  },
  "dependencies": {
    "@microsoft/office-js": {
      "version": "1.1.76",
      "resolved": "https://registry.npmjs.org/@microsoft/office-js/-/office-js-1.1.76.tgz",
      "integrity": "sha512-mRRbb3j0YLm53zARxvZ0ze49toJ5TCAIPWdxCgfsznVkT86Jp2YDMTEMD9RKKEHICAiGeaNs7xqwE3o7qLP7KQ==",
      "dev": true
    }
  }
}
